
Microsoft Visual Studio Solution File, Format Version 12.00
# Visual Studio Version 16
VisualStudioVersion = 16.0.30128.74
MinimumVisualStudioVersion = 10.0.40219.1
Project("{FAE04EC0-301F-11D3-BF4B-00C04F79EFBC}") = "MVCCRUDWithEF", "MVCCRUDWithEF\MVCCRUDWithEF.csproj", "{09A01966-799D-4573-8704-4A6C1114BDEC}"
EndProject
Global
	GlobalSection(SolutionConfigurationPlatforms) = preSolution
		Debug|Any CPU = Debug|Any CPU
		Release|Any CPU = Release|Any CPU
	EndGlobalSection
	GlobalSection(ProjectConfigurationPlatforms) = postSolution
		{09A01966-799D-4573-8704-4A6C1114BDEC}.Debug|Any CPU.ActiveCfg = Debug|Any CPU
		{09A01966-799D-4573-8704-4A6C1114BDEC}.Debug|Any CPU.Build.0 = Debug|Any CPU
		{09A01966-799D-4573-8704-4A6C1114BDEC}.Release|Any CPU.ActiveCfg = Release|Any CPU
		{09A01966-799D-4573-8704-4A6C1114BDEC}.Release|Any CPU.Build.0 = Release|Any CPU
	EndGlobalSection
	GlobalSection(SolutionProperties) = preSolution
		HideSolutionNode = FALSE
	EndGlobalSection
	GlobalSection(ExtensibilityGlobals) = postSolution
		SolutionGuid = {959B2000-C786-4721-B66B-EF76CC187324}
	EndGlobalSection
EndGlobal
